// !$*UTF8*$!
{
	archiveVersion = 1;
	classes = {
	};
	objectVersion = 46;
	objects = {

/* Begin PBXBuildFile section */
		77424B431D6D3FCB003EAF73 /* UIView+Extension.m in Sources */ = {isa = PBXBuildFile; fileRef = 77424B421D6D3FCB003EAF73 /* UIView+Extension.m */; };
		77424B461D6D402D003EAF73 /* UIBarButtonItem+Extension.m in Sources */ = {isa = PBXBuildFile; fileRef = 77424B451D6D402D003EAF73 /* UIBarButtonItem+Extension.m */; };
		776082221D6C4119000B1631 /* main.m in Sources */ = {isa = PBXBuildFile; fileRef = 776082211D6C4119000B1631 /* main.m */; };
		776082251D6C4119000B1631 /* AppDelegate.m in Sources */ = {isa = PBXBuildFile; fileRef = 776082241D6C4119000B1631 /* AppDelegate.m */; };
		7760822D1D6C4119000B1631 /* Assets.xcassets in Resources */ = {isa = PBXBuildFile; fileRef = 7760822C1D6C4119000B1631 /* Assets.xcassets */; };
		776082391D6C413C000B1631 /* LoginViewController.m in Sources */ = {isa = PBXBuildFile; fileRef = 776082381D6C413C000B1631 /* LoginViewController.m */; };
		7760823C1D6C414E000B1631 /* RegisterViewController.m in Sources */ = {isa = PBXBuildFile; fileRef = 7760823B1D6C414E000B1631 /* RegisterViewController.m */; };
		7760823F1D6C4203000B1631 /* HomeViewController.m in Sources */ = {isa = PBXBuildFile; fileRef = 7760823E1D6C4203000B1631 /* HomeViewController.m */; };
		776082431D6C425E000B1631 /* MessageViewController.m in Sources */ = {isa = PBXBuildFile; fileRef = 776082421D6C425E000B1631 /* MessageViewController.m */; };
		776082461D6C42B2000B1631 /* DiscoverViewController.m in Sources */ = {isa = PBXBuildFile; fileRef = 776082451D6C42B2000B1631 /* DiscoverViewController.m */; };
		776082491D6C43F7000B1631 /* MyViewController.m in Sources */ = {isa = PBXBuildFile; fileRef = 776082481D6C43F7000B1631 /* MyViewController.m */; };
		7760824C1D6C4403000B1631 /* MainViewController.m in Sources */ = {isa = PBXBuildFile; fileRef = 7760824B1D6C4403000B1631 /* MainViewController.m */; };
		776082531D6C446B000B1631 /* IENavigationViewController.m in Sources */ = {isa = PBXBuildFile; fileRef = 776082521D6C446B000B1631 /* IENavigationViewController.m */; };
		776082561D6C4482000B1631 /* IETabBar.m in Sources */ = {isa = PBXBuildFile; fileRef = 776082551D6C4482000B1631 /* IETabBar.m */; };
		776082601D6C5D18000B1631 /* LaunchScreen.storyboard in Resources */ = {isa = PBXBuildFile; fileRef = 7760825F1D6C5D18000B1631 /* LaunchScreen.storyboard */; };
		77A48FFF1D6DCC8C00E9B5B6 /* CenterViewController.m in Sources */ = {isa = PBXBuildFile; fileRef = 77A48FFE1D6DCC8C00E9B5B6 /* CenterViewController.m */; };
/* End PBXBuildFile section */

/* Begin PBXFileReference section */
		77424B411D6D3FCB003EAF73 /* UIView+Extension.h */ = {isa = PBXFileReference; fileEncoding = 4; lastKnownFileType = sourcecode.c.h; path = "UIView+Extension.h"; sourceTree = "<group>"; };
		77424B421D6D3FCB003EAF73 /* UIView+Extension.m */ = {isa = PBXFileReference; fileEncoding = 4; lastKnownFileType = sourcecode.c.objc; path = "UIView+Extension.m"; sourceTree = "<group>"; };
		77424B441D6D402D003EAF73 /* UIBarButtonItem+Extension.h */ = {isa = PBXFileReference; fileEncoding = 4; lastKnownFileType = sourcecode.c.h; path = "UIBarButtonItem+Extension.h"; sourceTree = "<group>"; };
		77424B451D6D402D003EAF73 /* UIBarButtonItem+Extension.m */ = {isa = PBXFileReference; fileEncoding = 4; lastKnownFileType = sourcecode.c.objc; path = "UIBarButtonItem+Extension.m"; sourceTree = "<group>"; };
		77424B481D6D4114003EAF73 /* PrefixHeader.pch */ = {isa = PBXFileReference; lastKnownFileType = sourcecode.c.h; path = PrefixHeader.pch; sourceTree = "<group>"; };
		7760821D1D6C4119000B1631 /* Login.app */ = {isa = PBXFileReference; explicitFileType = wrapper.application; includeInIndex = 0; path = Login.app; sourceTree = BUILT_PRODUCTS_DIR; };
		776082211D6C4119000B1631 /* main.m */ = {isa = PBXFileReference; lastKnownFileType = sourcecode.c.objc; path = main.m; sourceTree = "<group>"; };
		776082231D6C4119000B1631 /* AppDelegate.h */ = {isa = PBXFileReference; lastKnownFileType = sourcecode.c.h; path = AppDelegate.h; sourceTree = "<group>"; };
		776082241D6C4119000B1631 /* AppDelegate.m */ = {isa = PBXFileReference; lastKnownFileType = sourcecode.c.objc; path = AppDelegate.m; sourceTree = "<group>"; };
		7760822C1D6C4119000B1631 /* Assets.xcassets */ = {isa = PBXFileReference; lastKnownFileType = folder.assetcatalog; path = Assets.xcassets; sourceTree = "<group>"; };
		776082311D6C4119000B1631 /* Info.plist */ = {isa = PBXFileReference; lastKnownFileType = text.plist.xml; path = Info.plist; sourceTree = "<group>"; };
		776082371D6C413C000B1631 /* LoginViewController.h */ = {isa = PBXFileReference; fileEncoding = 4; lastKnownFileType = sourcecode.c.h; path = LoginViewController.h; sourceTree = "<group>"; };
		776082381D6C413C000B1631 /* LoginViewController.m */ = {isa = PBXFileReference; fileEncoding = 4; lastKnownFileType = sourcecode.c.objc; path = LoginViewController.m; sourceTree = "<group>"; };
		7760823A1D6C414E000B1631 /* RegisterViewController.h */ = {isa = PBXFileReference; fileEncoding = 4; lastKnownFileType = sourcecode.c.h; path = RegisterViewController.h; sourceTree = "<group>"; };
		7760823B1D6C414E000B1631 /* RegisterViewController.m */ = {isa = PBXFileReference; fileEncoding = 4; lastKnownFileType = sourcecode.c.objc; path = RegisterViewController.m; sourceTree = "<group>"; };
		7760823D1D6C4203000B1631 /* HomeViewController.h */ = {isa = PBXFileReference; fileEncoding = 4; lastKnownFileType = sourcecode.c.h; path = HomeViewController.h; sourceTree = "<group>"; };
		7760823E1D6C4203000B1631 /* HomeViewController.m */ = {isa = PBXFileReference; fileEncoding = 4; lastKnownFileType = sourcecode.c.objc; path = HomeViewController.m; sourceTree = "<group>"; };
		776082411D6C425E000B1631 /* MessageViewController.h */ = {isa = PBXFileReference; fileEncoding = 4; lastKnownFileType = sourcecode.c.h; path = MessageViewController.h; sourceTree = "<group>"; };
		776082421D6C425E000B1631 /* MessageViewController.m */ = {isa = PBXFileReference; fileEncoding = 4; lastKnownFileType = sourcecode.c.objc; path = MessageViewController.m; sourceTree = "<group>"; };
		776082441D6C42B2000B1631 /* DiscoverViewController.h */ = {isa = PBXFileReference; fileEncoding = 4; lastKnownFileType = sourcecode.c.h; path = DiscoverViewController.h; sourceTree = "<group>"; };
		776082451D6C42B2000B1631 /* DiscoverViewController.m */ = {isa = PBXFileReference; fileEncoding = 4; lastKnownFileType = sourcecode.c.objc; path = DiscoverViewController.m; sourceTree = "<group>"; };
		776082471D6C43F7000B1631 /* MyViewController.h */ = {isa = PBXFileReference; fileEncoding = 4; lastKnownFileType = sourcecode.c.h; path = MyViewController.h; sourceTree = "<group>"; };
		776082481D6C43F7000B1631 /* MyViewController.m */ = {isa = PBXFileReference; fileEncoding = 4; lastKnownFileType = sourcecode.c.objc; path = MyViewController.m; sourceTree = "<group>"; };
		7760824A1D6C4403000B1631 /* MainViewController.h */ = {isa = PBXFileReference; fileEncoding = 4; lastKnownFileType = sourcecode.c.h; path = MainViewController.h; sourceTree = "<group>"; };
		7760824B1D6C4403000B1631 /* MainViewController.m */ = {isa = PBXFileReference; fileEncoding = 4; lastKnownFileType = sourcecode.c.objc; path = MainViewController.m; sourceTree = "<group>"; };
		776082511D6C446B000B1631 /* IENavigationViewController.h */ = {isa = PBXFileReference; fileEncoding = 4; lastKnownFileType = sourcecode.c.h; path = IENavigationViewController.h; sourceTree = "<group>"; };
		776082521D6C446B000B1631 /* IENavigationViewController.m */ = {isa = PBXFileReference; fileEncoding = 4; lastKnownFileType = sourcecode.c.objc; path = IENavigationViewController.m; sourceTree = "<group>"; };
		776082541D6C4482000B1631 /* IETabBar.h */ = {isa = PBXFileReference; fileEncoding = 4; lastKnownFileType = sourcecode.c.h; path = IETabBar.h; sourceTree = "<group>"; };
		776082551D6C4482000B1631 /* IETabBar.m */ = {isa = PBXFileReference; fileEncoding = 4; lastKnownFileType = sourcecode.c.objc; path = IETabBar.m; sourceTree = "<group>"; };
		7760825F1D6C5D18000B1631 /* LaunchScreen.storyboard */ = {isa = PBXFileReference; fileEncoding = 4; lastKnownFileType = file.storyboard; path = LaunchScreen.storyboard; sourceTree = "<group>"; };
		77A48FFD1D6DCC8C00E9B5B6 /* CenterViewController.h */ = {isa = PBXFileReference; fileEncoding = 4; lastKnownFileType = sourcecode.c.h; path = CenterViewController.h; sourceTree = "<group>"; };
		77A48FFE1D6DCC8C00E9B5B6 /* CenterViewController.m */ = {isa = PBXFileReference; fileEncoding = 4; lastKnownFileType = sourcecode.c.objc; path = CenterViewController.m; sourceTree = "<group>"; };
/* End PBXFileReference section */

/* Begin PBXFrameworksBuildPhase section */
		7760821A1D6C4119000B1631 /* Frameworks */ = {
			isa = PBXFrameworksBuildPhase;
			buildActionMask = 2147483647;
			files = (
			);
			runOnlyForDeploymentPostprocessing = 0;
		};
/* End PBXFrameworksBuildPhase section */

/* Begin PBXGroup section */
		77424B401D6D3F9B003EAF73 /* Category */ = {
			isa = PBXGroup;
			children = (
				77424B411D6D3FCB003EAF73 /* UIView+Extension.h */,
				77424B421D6D3FCB003EAF73 /* UIView+Extension.m */,
				77424B441D6D402D003EAF73 /* UIBarButtonItem+Extension.h */,
				77424B451D6D402D003EAF73 /* UIBarButtonItem+Extension.m */,
			);
			name = Category;
			sourceTree = "<group>";
		};
		776082141D6C4119000B1631 = {
			isa = PBXGroup;
			children = (
				7760821F1D6C4119000B1631 /* Login */,
				7760821E1D6C4119000B1631 /* Products */,
			);
			sourceTree = "<group>";
		};
		7760821E1D6C4119000B1631 /* Products */ = {
			isa = PBXGroup;
			children = (
				7760821D1D6C4119000B1631 /* Login.app */,
			);
			name = Products;
			sourceTree = "<group>";
		};
		7760821F1D6C4119000B1631 /* Login */ = {
			isa = PBXGroup;
			children = (
				77424B401D6D3F9B003EAF73 /* Category */,
				7760824D1D6C440D000B1631 /* CustomeClass */,
				776082401D6C424B000B1631 /* ContentVC */,
				776082231D6C4119000B1631 /* AppDelegate.h */,
				776082241D6C4119000B1631 /* AppDelegate.m */,
				7760825F1D6C5D18000B1631 /* LaunchScreen.storyboard */,
				7760822C1D6C4119000B1631 /* Assets.xcassets */,
				776082311D6C4119000B1631 /* Info.plist */,
				776082201D6C4119000B1631 /* Supporting Files */,
				776082371D6C413C000B1631 /* LoginViewController.h */,
				776082381D6C413C000B1631 /* LoginViewController.m */,
				7760823A1D6C414E000B1631 /* RegisterViewController.h */,
				7760823B1D6C414E000B1631 /* RegisterViewController.m */,
				77424B481D6D4114003EAF73 /* PrefixHeader.pch */,
			);
			path = Login;
			sourceTree = "<group>";
		};
		776082201D6C4119000B1631 /* Supporting Files */ = {
			isa = PBXGroup;
			children = (
				776082211D6C4119000B1631 /* main.m */,
			);
			name = "Supporting Files";
			sourceTree = "<group>";
		};
		776082401D6C424B000B1631 /* ContentVC */ = {
			isa = PBXGroup;
			children = (
				7760823D1D6C4203000B1631 /* HomeViewController.h */,
				7760823E1D6C4203000B1631 /* HomeViewController.m */,
				776082411D6C425E000B1631 /* MessageViewController.h */,
				776082421D6C425E000B1631 /* MessageViewController.m */,
				776082441D6C42B2000B1631 /* DiscoverViewController.h */,
				776082451D6C42B2000B1631 /* DiscoverViewController.m */,
				776082471D6C43F7000B1631 /* MyViewController.h */,
				776082481D6C43F7000B1631 /* MyViewController.m */,
				7760824A1D6C4403000B1631 /* MainViewController.h */,
				7760824B1D6C4403000B1631 /* MainViewController.m */,
				77A48FFD1D6DCC8C00E9B5B6 /* CenterViewController.h */,
				77A48FFE1D6DCC8C00E9B5B6 /* CenterViewController.m */,
			);
			name = ContentVC;
			sourceTree = "<group>";
		};
		7760824D1D6C440D000B1631 /* CustomeClass */ = {
			isa = PBXGroup;
			children = (
				776082511D6C446B000B1631 /* IENavigationViewController.h */,
				776082521D6C446B000B1631 /* IENavigationViewController.m */,
				776082541D6C4482000B1631 /* IETabBar.h */,
				776082551D6C4482000B1631 /* IETabBar.m */,
			);
			name = CustomeClass;
			sourceTree = "<group>";
		};
/* End PBXGroup section */

/* Begin PBXNativeTarget section */
		7760821C1D6C4119000B1631 /* Login */ = {
			isa = PBXNativeTarget;
			buildConfigurationList = 776082341D6C4119000B1631 /* Build configuration list for PBXNativeTarget "Login" */;
			buildPhases = (
				776082191D6C4119000B1631 /* Sources */,
				7760821A1D6C4119000B1631 /* Frameworks */,
				7760821B1D6C4119000B1631 /* Resources */,
			);
			buildRules = (
			);
			dependencies = (
			);
			name = Login;
			productName = Login;
			productReference = 7760821D1D6C4119000B1631 /* Login.app */;
			productType = "com.apple.product-type.application";
		};
/* End PBXNativeTarget section */

/* Begin PBXProject section */
		776082151D6C4119000B1631 /* Project object */ = {
			isa = PBXProject;
			attributes = {
				LastUpgradeCheck = 0730;
				ORGANIZATIONNAME = NSObject;
				TargetAttributes = {
					7760821C1D6C4119000B1631 = {
						CreatedOnToolsVersion = 7.3;
					};
				};
			};
			buildConfigurationList = 776082181D6C4119000B1631 /* Build configuration list for PBXProject "Login" */;
			compatibilityVersion = "Xcode 3.2";
			developmentRegion = English;
			hasScannedForEncodings = 0;
			knownRegions = (
				en,
				Base,
			);
			mainGroup = 776082141D6C4119000B1631;
			productRefGroup = 7760821E1D6C4119000B1631 /* Products */;
			projectDirPath = "";
			projectRoot = "";
			targets = (
				7760821C1D6C4119000B1631 /* Login */,
			);
		};
/* End PBXProject section */

/* Begin PBXResourcesBuildPhase section */
		7760821B1D6C4119000B1631 /* Resources */ = {
			isa = PBXResourcesBuildPhase;
			buildActionMask = 2147483647;
			files = (
				7760822D1D6C4119000B1631 /* Assets.xcassets in Resources */,
				776082601D6C5D18000B1631 /* LaunchScreen.storyboard in Resources */,
			);
			runOnlyForDeploymentPostprocessing = 0;
		};
/* End PBXResourcesBuildPhase section */

/* Begin PBXSourcesBuildPhase section */
		776082191D6C4119000B1631 /* Sources */ = {
			isa = PBXSourcesBuildPhase;
			buildActionMask = 2147483647;
			files = (
				776082431D6C425E000B1631 /* MessageViewController.m in Sources */,
				776082531D6C446B000B1631 /* IENavigationViewController.m in Sources */,
				776082251D6C4119000B1631 /* AppDelegate.m in Sources */,
				776082491D6C43F7000B1631 /* MyViewController.m in Sources */,
				776082461D6C42B2000B1631 /* DiscoverViewController.m in Sources */,
				7760824C1D6C4403000B1631 /* MainViewController.m in Sources */,
				77424B431D6D3FCB003EAF73 /* UIView+Extension.m in Sources */,
				776082221D6C4119000B1631 /* main.m in Sources */,
				776082391D6C413C000B1631 /* LoginViewController.m in Sources */,
				7760823F1D6C4203000B1631 /* HomeViewController.m in Sources */,
				77424B461D6D402D003EAF73 /* UIBarButtonItem+Extension.m in Sources */,
				776082561D6C4482000B1631 /* IETabBar.m in Sources */,
				7760823C1D6C414E000B1631 /* RegisterViewController.m in Sources */,
				77A48FFF1D6DCC8C00E9B5B6 /* CenterViewController.m in Sources */,
			);
			runOnlyForDeploymentPostprocessing = 0;
		};
/* End PBXSourcesBuildPhase section */

/* Begin XCBuildConfiguration section */
		776082321D6C4119000B1631 /* Debug */ = {
			isa = XCBuildConfiguration;
			buildSettings = {
				ALWAYS_SEARCH_USER_PATHS = NO;
				CLANG_ANALYZER_NONNULL = YES;
				CLANG_CXX_LANGUAGE_STANDARD = "gnu++0x";
				CLANG_CXX_LIBRARY = "libc++";
				CLANG_ENABLE_MODULES = YES;
				CLANG_ENABLE_OBJC_ARC = YES;
				CLANG_WARN_BOOL_CONVERSION = YES;
				CLANG_WARN_CONSTANT_CONVERSION = YES;
				CLANG_WARN_DIRECT_OBJC_ISA_USAGE = YES_ERROR;
				CLANG_WARN_EMPTY_BODY = YES;
				CLANG_WARN_ENUM_CONVERSION = YES;
				CLANG_WARN_INT_CONVERSION = YES;
				CLANG_WARN_OBJC_ROOT_CLASS = YES_ERROR;
				CLANG_WARN_UNREACHABLE_CODE = YES;
				CLANG_WARN__DUPLICATE_METHOD_MATCH = YES;
				"CODE_SIGN_IDENTITY[sdk=iphoneos*]" = "iPhone Developer";
				COPY_PHASE_STRIP = NO;
				DEBUG_INFORMATION_FORMAT = dwarf;
				ENABLE_STRICT_OBJC_MSGSEND = YES;
				ENABLE_TESTABILITY = YES;
				GCC_C_LANGUAGE_STANDARD = gnu99;
				GCC_DYNAMIC_NO_PIC = NO;
				GCC_NO_COMMON_BLOCKS = YES;
				GCC_OPTIMIZATION_LEVEL = 0;
				GCC_PREPROCESSOR_DEFINITIONS = (
					"DEBUG=1",
					"$(inherited)",
				);
				GCC_WARN_64_TO_32_BIT_CONVERSION = YES;
				GCC_WARN_ABOUT_RETURN_TYPE = YES_ERROR;
				GCC_WARN_UNDECLARED_SELECTOR = YES;
				GCC_WARN_UNINITIALIZED_AUTOS = YES_AGGRESSIVE;
				GCC_WARN_UNUSED_FUNCTION = YES;
				GCC_WARN_UNUSED_VARIABLE = YES;
				IPHONEOS_DEPLOYMENT_TARGET = 9.3;
				MTL_ENABLE_DEBUG_INFO = YES;
				ONLY_ACTIVE_ARCH = YES;
				SDKROOT = iphoneos;
				TARGETED_DEVICE_FAMILY = "1,2";
			};
			name = Debug;
		};
		776082331D6C4119000B1631 /* Release */ = {
			isa = XCBuildConfiguration;
			buildSettings = {
				ALWAYS_SEARCH_USER_PATHS = NO;
				CLANG_ANALYZER_NONNULL = YES;
				CLANG_CXX_LANGUAGE_STANDARD = "gnu++0x";
				CLANG_CXX_LIBRARY = "libc++";
				CLANG_ENABLE_MODULES = YES;
				CLANG_ENABLE_OBJC_ARC = YES;
				CLANG_WARN_BOOL_CONVERSION = YES;
				CLANG_WARN_CONSTANT_CONVERSION = YES;
				CLANG_WARN_DIRECT_OBJC_ISA_USAGE = YES_ERROR;
				CLANG_WARN_EMPTY_BODY = YES;
				CLANG_WARN_ENUM_CONVERSION = YES;
				CLANG_WARN_INT_CONVERSION = YES;
				CLANG_WARN_OBJC_ROOT_CLASS = YES_ERROR;
				CLANG_WARN_UNREACHABLE_CODE = YES;
				CLANG_WARN__DUPLICATE_METHOD_MATCH = YES;
				"CODE_SIGN_IDENTITY[sdk=iphoneos*]" = "iPhone Developer";
				COPY_PHASE_STRIP = NO;
				DEBUG_INFORMATION_FORMAT = "dwarf-with-dsym";
				ENABLE_NS_ASSERTIONS = NO;
				ENABLE_STRICT_OBJC_MSGSEND = YES;
				GCC_C_LANGUAGE_STANDARD = gnu99;
				GCC_NO_COMMON_BLOCKS = YES;
				GCC_WARN_64_TO_32_BIT_CONVERSION = YES;
				GCC_WARN_ABOUT_RETURN_TYPE = YES_ERROR;
				GCC_WARN_UNDECLARED_SELECTOR = YES;
				GCC_WARN_UNINITIALIZED_AUTOS = YES_AGGRESSIVE;
				GCC_WARN_UNUSED_FUNCTION = YES;
				GCC_WARN_UNUSED_VARIABLE = YES;
				IPHONEOS_DEPLOYMENT_TARGET = 9.3;
				MTL_ENABLE_DEBUG_INFO = NO;
				SDKROOT = iphoneos;
				TARGETED_DEVICE_FAMILY = "1,2";
				VALIDATE_PRODUCT = YES;
			};
			name = Release;
		};
		776082351D6C4119000B1631 /* Debug */ = {
			isa = XCBuildConfiguration;
			buildSettings = {
				ASSETCATALOG_COMPILER_APPICON_NAME = AppIcon;
				GCC_PRECOMPILE_PREFIX_HEADER = YES;
				GCC_PREFIX_HEADER = "$(SRCROOT)/Login/PrefixHeader.pch";
				INFOPLIST_FILE = Login/Info.plist;
				LD_RUNPATH_SEARCH_PATHS = "$(inherited) @executable_path/Frameworks";
				PRODUCT_BUNDLE_IDENTIFIER = com.CSII.Xujiangfei.Login;
				PRODUCT_NAME = "$(TARGET_NAME)";
			};
			name = Debug;
		};
		776082361D6C4119000B1631 /* Release */ = {
			isa = XCBuildConfiguration;
			buildSettings = {
				ASSETCATALOG_COMPILER_APPICON_NAME = AppIcon;
				GCC_PRECOMPILE_PREFIX_HEADER = YES;
				GCC_PREFIX_HEADER = "$(SRCROOT)/Login/PrefixHeader.pch";
				INFOPLIST_FILE = Login/Info.plist;
				LD_RUNPATH_SEARCH_PATHS = "$(inherited) @executable_path/Frameworks";
				PRODUCT_BUNDLE_IDENTIFIER = com.CSII.Xujiangfei.Login;
				PRODUCT_NAME = "$(TARGET_NAME)";
			};
			name = Release;
		};
/* End XCBuildConfiguration section */

/* Begin XCConfigurationList section */
		776082181D6C4119000B1631 /* Build configuration list for PBXProject "Login" */ = {
			isa = XCConfigurationList;
			buildConfigurations = (
				776082321D6C4119000B1631 /* Debug */,
				776082331D6C4119000B1631 /* Release */,
			);
			defaultConfigurationIsVisible = 0;
			defaultConfigurationName = Release;
		};
		776082341D6C4119000B1631 /* Build configuration list for PBXNativeTarget "Login" */ = {
			isa = XCConfigurationList;
			buildConfigurations = (
				776082351D6C4119000B1631 /* Debug */,
				776082361D6C4119000B1631 /* Release */,
			);
			defaultConfigurationIsVisible = 0;
			defaultConfigurationName = Release;
		};
/* End XCConfigurationList section */
	};
	rootObject = 776082151D6C4119000B1631 /* Project object */;
}
